
Microsoft Visual Studio Solution File, Format Version 12.00
# Visual Studio Version 17
VisualStudioVersion = 17.6.33723.286
MinimumVisualStudioVersion = 10.0.40219.1
Project("{9A19103F-16F7-4668-BE54-9A1E7A4F7556}") = "FileImageUploadRetrieveDemoCoreMVC6", "FileImageUploadRetrieveDemoCoreMVC6.csproj", "{E5907480-303C-401E-A474-F86B00A26111}"
EndProject
Global
	GlobalSection(SolutionConfigurationPlatforms) = preSolution
		Debug|Any CPU = Debug|Any CPU
		Release|Any CPU = Release|Any CPU
	EndGlobalSection
	GlobalSection(ProjectConfigurationPlatforms) = postSolution
		{E5907480-303C-401E-A474-F86B00A26111}.Debug|Any CPU.ActiveCfg = Debug|Any CPU
		{E5907480-303C-401E-A474-F86B00A26111}.Debug|Any CPU.Build.0 = Debug|Any CPU
		{E5907480-303C-401E-A474-F86B00A26111}.Release|Any CPU.ActiveCfg = Release|Any CPU
		{E5907480-303C-401E-A474-F86B00A26111}.Release|Any CPU.Build.0 = Release|Any CPU
	EndGlobalSection
	GlobalSection(SolutionProperties) = preSolution
		HideSolutionNode = FALSE
	EndGlobalSection
	GlobalSection(ExtensibilityGlobals) = postSolution
		SolutionGuid = {CDDC1A34-BE1C-4DC6-92AC-AB900BA6A498}
	EndGlobalSection
EndGlobal
